
Microsoft Visual Studio Solution File, Format Version 12.00
# Visual Studio 15
VisualStudioVersion = 15.0.28307.136
MinimumVisualStudioVersion = 10.0.40219.1
Project("{FAE04EC0-301F-11D3-BF4B-00C04F79EFBC}") = "WaterModels", "WaterModels\WaterModels.csproj", "{5C7BD60B-0B5D-4739-B192-61E50E7C0046}"
EndProject
Project("{FAE04EC0-301F-11D3-BF4B-00C04F79EFBC}") = "WaterClient", "WaterClient\WaterClient.csproj", "{B8F56958-4694-448F-8679-05AE6364D681}"
EndProject
Project("{FAE04EC0-301F-11D3-BF4B-00C04F79EFBC}") = "WaterService", "WaterService\WaterService.csproj", "{32E55FB7-C470-4481-9ACE-F41C988992F0}"
EndProject
Global
	GlobalSection(SolutionConfigurationPlatforms) = preSolution
		Debug|Any CPU = Debug|Any CPU
		Release|Any CPU = Release|Any CPU
	EndGlobalSection
	GlobalSection(ProjectConfigurationPlatforms) = postSolution
		{5C7BD60B-0B5D-4739-B192-61E50E7C0046}.Debug|Any CPU.ActiveCfg = Debug|Any CPU
		{5C7BD60B-0B5D-4739-B192-61E50E7C0046}.Debug|Any CPU.Build.0 = Debug|Any CPU
		{5C7BD60B-0B5D-4739-B192-61E50E7C0046}.Release|Any CPU.ActiveCfg = Release|Any CPU
		{5C7BD60B-0B5D-4739-B192-61E50E7C0046}.Release|Any CPU.Build.0 = Release|Any CPU
		{B8F56958-4694-448F-8679-05AE6364D681}.Debug|Any CPU.ActiveCfg = Debug|Any CPU
		{B8F56958-4694-448F-8679-05AE6364D681}.Debug|Any CPU.Build.0 = Debug|Any CPU
		{B8F56958-4694-448F-8679-05AE6364D681}.Release|Any CPU.ActiveCfg = Release|Any CPU
		{B8F56958-4694-448F-8679-05AE6364D681}.Release|Any CPU.Build.0 = Release|Any CPU
		{32E55FB7-C470-4481-9ACE-F41C988992F0}.Debug|Any CPU.ActiveCfg = Debug|Any CPU
		{32E55FB7-C470-4481-9ACE-F41C988992F0}.Debug|Any CPU.Build.0 = Debug|Any CPU
		{32E55FB7-C470-4481-9ACE-F41C988992F0}.Release|Any CPU.ActiveCfg = Release|Any CPU
		{32E55FB7-C470-4481-9ACE-F41C988992F0}.Release|Any CPU.Build.0 = Release|Any CPU
	EndGlobalSection
	GlobalSection(SolutionProperties) = preSolution
		HideSolutionNode = FALSE
	EndGlobalSection
	GlobalSection(ExtensibilityGlobals) = postSolution
		SolutionGuid = {7ED69C2A-BACD-4A0D-8C6F-20094159D3D0}
	EndGlobalSection
EndGlobal
