
Microsoft Visual Studio Solution File, Format Version 12.00
# Visual Studio 15
VisualStudioVersion = 15.0.28307.136
MinimumVisualStudioVersion = 10.0.40219.1
Project("{FAE04EC0-301F-11D3-BF4B-00C04F79EFBC}") = "WebApplication1", "WebApplication1\WebApplication1.csproj", "{36C7E01B-8B36-4E91-8AC9-38EB09BCED47}"
EndProject
Project("{FAE04EC0-301F-11D3-BF4B-00C04F79EFBC}") = "WindowsFormsApp1", "WindowsFormsApp1\WindowsFormsApp1.csproj", "{426F6E9C-12A5-439F-A9C4-8D73A2099B94}"
EndProject
Project("{FAE04EC0-301F-11D3-BF4B-00C04F79EFBC}") = "WpfApp1", "WpfApp1\WpfApp1.csproj", "{521247E9-4C68-4675-87FE-C1A65565C38D}"
EndProject
Project("{FAE04EC0-301F-11D3-BF4B-00C04F79EFBC}") = "MainClient", "..\..\..\..\Desktop\WaterLogic\MainClient\MainClient.csproj", "{0C72404F-2BEC-4FCC-BE5F-D5B00406BC02}"
EndProject
Project("{FAE04EC0-301F-11D3-BF4B-00C04F79EFBC}") = "ControlsLibrary", "..\..\..\..\Desktop\WaterLogic\ControlsLibrary\ControlsLibrary.csproj", "{91DFAB1C-B655-4B99-A423-0B34D9B0B847}"
EndProject
Global
	GlobalSection(SolutionConfigurationPlatforms) = preSolution
		Debug|Any CPU = Debug|Any CPU
		Release|Any CPU = Release|Any CPU
	EndGlobalSection
	GlobalSection(ProjectConfigurationPlatforms) = postSolution
		{36C7E01B-8B36-4E91-8AC9-38EB09BCED47}.Debug|Any CPU.ActiveCfg = Debug|Any CPU
		{36C7E01B-8B36-4E91-8AC9-38EB09BCED47}.Debug|Any CPU.Build.0 = Debug|Any CPU
		{36C7E01B-8B36-4E91-8AC9-38EB09BCED47}.Release|Any CPU.ActiveCfg = Release|Any CPU
		{36C7E01B-8B36-4E91-8AC9-38EB09BCED47}.Release|Any CPU.Build.0 = Release|Any CPU
		{426F6E9C-12A5-439F-A9C4-8D73A2099B94}.Debug|Any CPU.ActiveCfg = Debug|Any CPU
		{426F6E9C-12A5-439F-A9C4-8D73A2099B94}.Debug|Any CPU.Build.0 = Debug|Any CPU
		{426F6E9C-12A5-439F-A9C4-8D73A2099B94}.Release|Any CPU.ActiveCfg = Release|Any CPU
		{426F6E9C-12A5-439F-A9C4-8D73A2099B94}.Release|Any CPU.Build.0 = Release|Any CPU
		{521247E9-4C68-4675-87FE-C1A65565C38D}.Debug|Any CPU.ActiveCfg = Debug|Any CPU
		{521247E9-4C68-4675-87FE-C1A65565C38D}.Debug|Any CPU.Build.0 = Debug|Any CPU
		{521247E9-4C68-4675-87FE-C1A65565C38D}.Release|Any CPU.ActiveCfg = Release|Any CPU
		{521247E9-4C68-4675-87FE-C1A65565C38D}.Release|Any CPU.Build.0 = Release|Any CPU
		{0C72404F-2BEC-4FCC-BE5F-D5B00406BC02}.Debug|Any CPU.ActiveCfg = Debug|Any CPU
		{0C72404F-2BEC-4FCC-BE5F-D5B00406BC02}.Debug|Any CPU.Build.0 = Debug|Any CPU
		{0C72404F-2BEC-4FCC-BE5F-D5B00406BC02}.Release|Any CPU.ActiveCfg = Release|Any CPU
		{0C72404F-2BEC-4FCC-BE5F-D5B00406BC02}.Release|Any CPU.Build.0 = Release|Any CPU
		{91DFAB1C-B655-4B99-A423-0B34D9B0B847}.Debug|Any CPU.ActiveCfg = Debug|Any CPU
		{91DFAB1C-B655-4B99-A423-0B34D9B0B847}.Debug|Any CPU.Build.0 = Debug|Any CPU
		{91DFAB1C-B655-4B99-A423-0B34D9B0B847}.Release|Any CPU.ActiveCfg = Release|Any CPU
		{91DFAB1C-B655-4B99-A423-0B34D9B0B847}.Release|Any CPU.Build.0 = Release|Any CPU
	EndGlobalSection
	GlobalSection(SolutionProperties) = preSolution
		HideSolutionNode = FALSE
	EndGlobalSection
	GlobalSection(ExtensibilityGlobals) = postSolution
		SolutionGuid = {7ED69C2A-BACD-4A0D-8C6F-20094159D3D0}
	EndGlobalSection
EndGlobal
